
Microsoft Visual Studio Solution File, Format Version 12.00
# Visual Studio Version 17
VisualStudioVersion = 17.14.36301.6 d17.14
MinimumVisualStudioVersion = 10.0.40219.1
Project("{FAE04EC0-301F-11D3-BF4B-00C04F79EFBC}") = "January Exam 2026", "January Exam 2026\January Exam 2026.csproj", "{958A9EA7-747F-4613-B801-BA1E3AA48E25}"
EndProject
Global
	GlobalSection(SolutionConfigurationPlatforms) = preSolution
		Debug|Any CPU = Debug|Any CPU
		Release|Any CPU = Release|Any CPU
	EndGlobalSection
	GlobalSection(ProjectConfigurationPlatforms) = postSolution
		{958A9EA7-747F-4613-B801-BA1E3AA48E25}.Debug|Any CPU.ActiveCfg = Debug|Any CPU
		{958A9EA7-747F-4613-B801-BA1E3AA48E25}.Debug|Any CPU.Build.0 = Debug|Any CPU
		{958A9EA7-747F-4613-B801-BA1E3AA48E25}.Release|Any CPU.ActiveCfg = Release|Any CPU
		{958A9EA7-747F-4613-B801-BA1E3AA48E25}.Release|Any CPU.Build.0 = Release|Any CPU
	EndGlobalSection
	GlobalSection(SolutionProperties) = preSolution
		HideSolutionNode = FALSE
	EndGlobalSection
	GlobalSection(ExtensibilityGlobals) = postSolution
		SolutionGuid = {F21934B7-E82A-48F2-817B-FF9CDE64E2CE}
	EndGlobalSection
EndGlobal
